
Microsoft Visual Studio Solution File, Format Version 12.00
# Visual Studio 14
VisualStudioVersion = 14.0.25420.1
MinimumVisualStudioVersion = 10.0.40219.1
Project("{FAE04EC0-301F-11D3-BF4B-00C04F79EFBC}") = "Prototype2", "Prototype2\Prototype2.csproj", "{27915090-879C-4123-B600-B8327091F8E7}"
EndProject
Project("{FAE04EC0-301F-11D3-BF4B-00C04F79EFBC}") = "A1", "A1\A1.csproj", "{3E0D378D-7A83-4634-85A3-E35BF181F93A}"
EndProject
Project("{FAE04EC0-301F-11D3-BF4B-00C04F79EFBC}") = "B2", "B2\B2.csproj", "{F4B7D0FB-C522-45D9-9412-064EC0B32168}"
EndProject
Global
	GlobalSection(SolutionConfigurationPlatforms) = preSolution
		Debug|Any CPU = Debug|Any CPU
		Release|Any CPU = Release|Any CPU
	EndGlobalSection
	GlobalSection(ProjectConfigurationPlatforms) = postSolution
		{27915090-879C-4123-B600-B8327091F8E7}.Debug|Any CPU.ActiveCfg = Debug|Any CPU
		{27915090-879C-4123-B600-B8327091F8E7}.Debug|Any CPU.Build.0 = Debug|Any CPU
		{27915090-879C-4123-B600-B8327091F8E7}.Release|Any CPU.ActiveCfg = Release|Any CPU
		{27915090-879C-4123-B600-B8327091F8E7}.Release|Any CPU.Build.0 = Release|Any CPU
		{3E0D378D-7A83-4634-85A3-E35BF181F93A}.Debug|Any CPU.ActiveCfg = Debug|Any CPU
		{3E0D378D-7A83-4634-85A3-E35BF181F93A}.Debug|Any CPU.Build.0 = Debug|Any CPU
		{3E0D378D-7A83-4634-85A3-E35BF181F93A}.Release|Any CPU.ActiveCfg = Release|Any CPU
		{3E0D378D-7A83-4634-85A3-E35BF181F93A}.Release|Any CPU.Build.0 = Release|Any CPU
		{F4B7D0FB-C522-45D9-9412-064EC0B32168}.Debug|Any CPU.ActiveCfg = Debug|Any CPU
		{F4B7D0FB-C522-45D9-9412-064EC0B32168}.Debug|Any CPU.Build.0 = Debug|Any CPU
		{F4B7D0FB-C522-45D9-9412-064EC0B32168}.Release|Any CPU.ActiveCfg = Release|Any CPU
		{F4B7D0FB-C522-45D9-9412-064EC0B32168}.Release|Any CPU.Build.0 = Release|Any CPU
	EndGlobalSection
	GlobalSection(SolutionProperties) = preSolution
		HideSolutionNode = FALSE
	EndGlobalSection
EndGlobal
